
Microsoft Visual Studio Solution File, Format Version 12.00
# Visual Studio 14
VisualStudioVersion = 14.0.25420.1
MinimumVisualStudioVersion = 10.0.40219.1
Project("{FAE04EC0-301F-11D3-BF4B-00C04F79EFBC}") = "GigHub", "GigHub\GigHub.csproj", "{3B2A1EA2-151C-4528-89FD-BF14F7563DFE}"
EndProject
Project("{FAE04EC0-301F-11D3-BF4B-00C04F79EFBC}") = "GigHub.Tests", "GigHub.Tests\GigHub.Tests.csproj", "{FD8B1361-A2EF-4AB2-A87E-AF074CA716B4}"
EndProject
Project("{FAE04EC0-301F-11D3-BF4B-00C04F79EFBC}") = "GigHub.IntegrationTests", "GigHub.IntegrationTests\GigHub.IntegrationTests.csproj", "{B4F2F791-653B-42F9-A4CC-944E23E6AD5A}"
EndProject
Global
	GlobalSection(SolutionConfigurationPlatforms) = preSolution
		Debug|Any CPU = Debug|Any CPU
		Release|Any CPU = Release|Any CPU
	EndGlobalSection
	GlobalSection(ProjectConfigurationPlatforms) = postSolution
		{3B2A1EA2-151C-4528-89FD-BF14F7563DFE}.Debug|Any CPU.ActiveCfg = Debug|Any CPU
		{3B2A1EA2-151C-4528-89FD-BF14F7563DFE}.Debug|Any CPU.Build.0 = Debug|Any CPU
		{3B2A1EA2-151C-4528-89FD-BF14F7563DFE}.Release|Any CPU.ActiveCfg = Release|Any CPU
		{3B2A1EA2-151C-4528-89FD-BF14F7563DFE}.Release|Any CPU.Build.0 = Release|Any CPU
		{FD8B1361-A2EF-4AB2-A87E-AF074CA716B4}.Debug|Any CPU.ActiveCfg = Debug|Any CPU
		{FD8B1361-A2EF-4AB2-A87E-AF074CA716B4}.Debug|Any CPU.Build.0 = Debug|Any CPU
		{FD8B1361-A2EF-4AB2-A87E-AF074CA716B4}.Release|Any CPU.ActiveCfg = Release|Any CPU
		{FD8B1361-A2EF-4AB2-A87E-AF074CA716B4}.Release|Any CPU.Build.0 = Release|Any CPU
		{B4F2F791-653B-42F9-A4CC-944E23E6AD5A}.Debug|Any CPU.ActiveCfg = Debug|Any CPU
		{B4F2F791-653B-42F9-A4CC-944E23E6AD5A}.Debug|Any CPU.Build.0 = Debug|Any CPU
		{B4F2F791-653B-42F9-A4CC-944E23E6AD5A}.Release|Any CPU.ActiveCfg = Release|Any CPU
		{B4F2F791-653B-42F9-A4CC-944E23E6AD5A}.Release|Any CPU.Build.0 = Release|Any CPU
	EndGlobalSection
	GlobalSection(SolutionProperties) = preSolution
		HideSolutionNode = FALSE
	EndGlobalSection
EndGlobal
